
Microsoft Visual Studio Solution File, Format Version 12.00
# Visual Studio 15
VisualStudioVersion = 15.0.28307.168
MinimumVisualStudioVersion = 10.0.40219.1
Project("{FAE04EC0-301F-11D3-BF4B-00C04F79EFBC}") = "StringEncoding", "StringEncoding\StringEncoding.csproj", "{C7F5B332-83B0-4278-9CD4-3D20DB9CE813}"
EndProject
Global
	GlobalSection(SolutionConfigurationPlatforms) = preSolution
		Debug|Any CPU = Debug|Any CPU
		Release|Any CPU = Release|Any CPU
	EndGlobalSection
	GlobalSection(ProjectConfigurationPlatforms) = postSolution
		{C7F5B332-83B0-4278-9CD4-3D20DB9CE813}.Debug|Any CPU.ActiveCfg = Debug|Any CPU
		{C7F5B332-83B0-4278-9CD4-3D20DB9CE813}.Debug|Any CPU.Build.0 = Debug|Any CPU
		{C7F5B332-83B0-4278-9CD4-3D20DB9CE813}.Release|Any CPU.ActiveCfg = Release|Any CPU
		{C7F5B332-83B0-4278-9CD4-3D20DB9CE813}.Release|Any CPU.Build.0 = Release|Any CPU
	EndGlobalSection
	GlobalSection(SolutionProperties) = preSolution
		HideSolutionNode = FALSE
	EndGlobalSection
	GlobalSection(ExtensibilityGlobals) = postSolution
		SolutionGuid = {9B6E190A-B9A3-4A80-A68E-0D2DF0E447DD}
	EndGlobalSection
EndGlobal
